// !$*UTF8*$!
{
	archiveVersion = 1;
	classes = {
	};
	objectVersion = 50;
	objects = {

/* Begin PBXBuildFile section */
		7865E8292327B3D400111BF3 /* AppDelegate.m in Sources */ = {isa = PBXBuildFile; fileRef = 7865E8282327B3D400111BF3 /* AppDelegate.m */; };
		7865E82C2327B3D400111BF3 /* ViewController.m in Sources */ = {isa = PBXBuildFile; fileRef = 7865E82B2327B3D400111BF3 /* ViewController.m */; };
		7865E82F2327B3D400111BF3 /* Main.storyboard in Resources */ = {isa = PBXBuildFile; fileRef = 7865E82D2327B3D400111BF3 /* Main.storyboard */; };
		7865E8322327B3D400111BF3 /* SQLTest.xcdatamodeld in Sources */ = {isa = PBXBuildFile; fileRef = 7865E8302327B3D400111BF3 /* SQLTest.xcdatamodeld */; };
		7865E8342327B3D500111BF3 /* Assets.xcassets in Resources */ = {isa = PBXBuildFile; fileRef = 7865E8332327B3D500111BF3 /* Assets.xcassets */; };
		7865E8372327B3D500111BF3 /* LaunchScreen.storyboard in Resources */ = {isa = PBXBuildFile; fileRef = 7865E8352327B3D500111BF3 /* LaunchScreen.storyboard */; };
		7865E83A2327B3D500111BF3 /* main.m in Sources */ = {isa = PBXBuildFile; fileRef = 7865E8392327B3D500111BF3 /* main.m */; };
		7865E8422327B4DC00111BF3 /* libsqlite3.tbd in Frameworks */ = {isa = PBXBuildFile; fileRef = 7865E8412327B4DC00111BF3 /* libsqlite3.tbd */; };
		7865E84F2328F82900111BF3 /* FeedItem.m in Sources */ = {isa = PBXBuildFile; fileRef = 7865E84E2328F82900111BF3 /* FeedItem.m */; };
		7865E8522328F83800111BF3 /* FeedResource.m in Sources */ = {isa = PBXBuildFile; fileRef = 7865E8512328F83800111BF3 /* FeedResource.m */; };
		7865E855232A369D00111BF3 /* FeedItemService.m in Sources */ = {isa = PBXBuildFile; fileRef = 7865E854232A369D00111BF3 /* FeedItemService.m */; };
		7865E858232A36B600111BF3 /* FeedResourceService.m in Sources */ = {isa = PBXBuildFile; fileRef = 7865E857232A36B600111BF3 /* FeedResourceService.m */; };
		7865E85F232A3B1900111BF3 /* DBManager.m in Sources */ = {isa = PBXBuildFile; fileRef = 7865E85E232A3B1900111BF3 /* DBManager.m */; };
		7865E862232A441B00111BF3 /* DBContextCreator.m in Sources */ = {isa = PBXBuildFile; fileRef = 7865E861232A441B00111BF3 /* DBContextCreator.m */; };
		CE4596F32329804E0001DBB3 /* FeedItemRepository.m in Sources */ = {isa = PBXBuildFile; fileRef = CE4596F22329804E0001DBB3 /* FeedItemRepository.m */; };
		CE4596F62329806A0001DBB3 /* FeedResourceRepository.m in Sources */ = {isa = PBXBuildFile; fileRef = CE4596F52329806A0001DBB3 /* FeedResourceRepository.m */; };
/* End PBXBuildFile section */

/* Begin PBXFileReference section */
		7865E8242327B3D400111BF3 /* SQLTest.app */ = {isa = PBXFileReference; explicitFileType = wrapper.application; includeInIndex = 0; path = SQLTest.app; sourceTree = BUILT_PRODUCTS_DIR; };
		7865E8272327B3D400111BF3 /* AppDelegate.h */ = {isa = PBXFileReference; lastKnownFileType = sourcecode.c.h; path = AppDelegate.h; sourceTree = "<group>"; };
		7865E8282327B3D400111BF3 /* AppDelegate.m */ = {isa = PBXFileReference; lastKnownFileType = sourcecode.c.objc; path = AppDelegate.m; sourceTree = "<group>"; };
		7865E82A2327B3D400111BF3 /* ViewController.h */ = {isa = PBXFileReference; lastKnownFileType = sourcecode.c.h; path = ViewController.h; sourceTree = "<group>"; };
		7865E82B2327B3D400111BF3 /* ViewController.m */ = {isa = PBXFileReference; lastKnownFileType = sourcecode.c.objc; path = ViewController.m; sourceTree = "<group>"; };
		7865E82E2327B3D400111BF3 /* Base */ = {isa = PBXFileReference; lastKnownFileType = file.storyboard; name = Base; path = Base.lproj/Main.storyboard; sourceTree = "<group>"; };
		7865E8312327B3D400111BF3 /* SQLTest.xcdatamodel */ = {isa = PBXFileReference; lastKnownFileType = wrapper.xcdatamodel; path = SQLTest.xcdatamodel; sourceTree = "<group>"; };
		7865E8332327B3D500111BF3 /* Assets.xcassets */ = {isa = PBXFileReference; lastKnownFileType = folder.assetcatalog; path = Assets.xcassets; sourceTree = "<group>"; };
		7865E8362327B3D500111BF3 /* Base */ = {isa = PBXFileReference; lastKnownFileType = file.storyboard; name = Base; path = Base.lproj/LaunchScreen.storyboard; sourceTree = "<group>"; };
		7865E8382327B3D500111BF3 /* Info.plist */ = {isa = PBXFileReference; lastKnownFileType = text.plist.xml; path = Info.plist; sourceTree = "<group>"; };
		7865E8392327B3D500111BF3 /* main.m */ = {isa = PBXFileReference; lastKnownFileType = sourcecode.c.objc; path = main.m; sourceTree = "<group>"; };
		7865E8412327B4DC00111BF3 /* libsqlite3.tbd */ = {isa = PBXFileReference; lastKnownFileType = "sourcecode.text-based-dylib-definition"; name = libsqlite3.tbd; path = usr/lib/libsqlite3.tbd; sourceTree = SDKROOT; };
		7865E84D2328F82900111BF3 /* FeedItem.h */ = {isa = PBXFileReference; lastKnownFileType = sourcecode.c.h; path = FeedItem.h; sourceTree = "<group>"; };
		7865E84E2328F82900111BF3 /* FeedItem.m */ = {isa = PBXFileReference; lastKnownFileType = sourcecode.c.objc; path = FeedItem.m; sourceTree = "<group>"; };
		7865E8502328F83800111BF3 /* FeedResource.h */ = {isa = PBXFileReference; lastKnownFileType = sourcecode.c.h; path = FeedResource.h; sourceTree = "<group>"; };
		7865E8512328F83800111BF3 /* FeedResource.m */ = {isa = PBXFileReference; lastKnownFileType = sourcecode.c.objc; path = FeedResource.m; sourceTree = "<group>"; };
		7865E853232A369D00111BF3 /* FeedItemService.h */ = {isa = PBXFileReference; lastKnownFileType = sourcecode.c.h; path = FeedItemService.h; sourceTree = "<group>"; };
		7865E854232A369D00111BF3 /* FeedItemService.m */ = {isa = PBXFileReference; lastKnownFileType = sourcecode.c.objc; path = FeedItemService.m; sourceTree = "<group>"; };
		7865E856232A36B600111BF3 /* FeedResourceService.h */ = {isa = PBXFileReference; lastKnownFileType = sourcecode.c.h; path = FeedResourceService.h; sourceTree = "<group>"; };
		7865E857232A36B600111BF3 /* FeedResourceService.m */ = {isa = PBXFileReference; lastKnownFileType = sourcecode.c.objc; path = FeedResourceService.m; sourceTree = "<group>"; };
		7865E85D232A3B1900111BF3 /* DBManager.h */ = {isa = PBXFileReference; lastKnownFileType = sourcecode.c.h; path = DBManager.h; sourceTree = "<group>"; };
		7865E85E232A3B1900111BF3 /* DBManager.m */ = {isa = PBXFileReference; lastKnownFileType = sourcecode.c.objc; path = DBManager.m; sourceTree = "<group>"; };
		7865E860232A441B00111BF3 /* DBContextCreator.h */ = {isa = PBXFileReference; lastKnownFileType = sourcecode.c.h; path = DBContextCreator.h; sourceTree = "<group>"; };
		7865E861232A441B00111BF3 /* DBContextCreator.m */ = {isa = PBXFileReference; lastKnownFileType = sourcecode.c.objc; path = DBContextCreator.m; sourceTree = "<group>"; };
		CE4596F12329804E0001DBB3 /* FeedItemRepository.h */ = {isa = PBXFileReference; lastKnownFileType = sourcecode.c.h; path = FeedItemRepository.h; sourceTree = "<group>"; };
		CE4596F22329804E0001DBB3 /* FeedItemRepository.m */ = {isa = PBXFileReference; lastKnownFileType = sourcecode.c.objc; path = FeedItemRepository.m; sourceTree = "<group>"; };
		CE4596F42329806A0001DBB3 /* FeedResourceRepository.h */ = {isa = PBXFileReference; lastKnownFileType = sourcecode.c.h; path = FeedResourceRepository.h; sourceTree = "<group>"; };
		CE4596F52329806A0001DBB3 /* FeedResourceRepository.m */ = {isa = PBXFileReference; lastKnownFileType = sourcecode.c.objc; path = FeedResourceRepository.m; sourceTree = "<group>"; };
/* End PBXFileReference section */

/* Begin PBXFrameworksBuildPhase section */
		7865E8212327B3D400111BF3 /* Frameworks */ = {
			isa = PBXFrameworksBuildPhase;
			buildActionMask = 2147483647;
			files = (
				7865E8422327B4DC00111BF3 /* libsqlite3.tbd in Frameworks */,
			);
			runOnlyForDeploymentPostprocessing = 0;
		};
/* End PBXFrameworksBuildPhase section */

/* Begin PBXGroup section */
		7865E81B2327B3D400111BF3 = {
			isa = PBXGroup;
			children = (
				7865E8262327B3D400111BF3 /* SQLTest */,
				7865E8252327B3D400111BF3 /* Products */,
				7865E8402327B4DC00111BF3 /* Frameworks */,
			);
			sourceTree = "<group>";
		};
		7865E8252327B3D400111BF3 /* Products */ = {
			isa = PBXGroup;
			children = (
				7865E8242327B3D400111BF3 /* SQLTest.app */,
			);
			name = Products;
			sourceTree = "<group>";
		};
		7865E8262327B3D400111BF3 /* SQLTest */ = {
			isa = PBXGroup;
			children = (
				7865E85C232A37C500111BF3 /* DBManager */,
				7865E85A232A36CC00111BF3 /* Models */,
				7865E859232A36BF00111BF3 /* Services */,
				7865E85B232A36DB00111BF3 /* Repositories */,
				7865E8272327B3D400111BF3 /* AppDelegate.h */,
				7865E8282327B3D400111BF3 /* AppDelegate.m */,
				7865E82A2327B3D400111BF3 /* ViewController.h */,
				7865E82B2327B3D400111BF3 /* ViewController.m */,
				7865E82D2327B3D400111BF3 /* Main.storyboard */,
				7865E8332327B3D500111BF3 /* Assets.xcassets */,
				7865E8352327B3D500111BF3 /* LaunchScreen.storyboard */,
				7865E8382327B3D500111BF3 /* Info.plist */,
				7865E8392327B3D500111BF3 /* main.m */,
				7865E8302327B3D400111BF3 /* SQLTest.xcdatamodeld */,
			);
			path = SQLTest;
			sourceTree = "<group>";
		};
		7865E8402327B4DC00111BF3 /* Frameworks */ = {
			isa = PBXGroup;
			children = (
				7865E8412327B4DC00111BF3 /* libsqlite3.tbd */,
			);
			name = Frameworks;
			sourceTree = "<group>";
		};
		7865E859232A36BF00111BF3 /* Services */ = {
			isa = PBXGroup;
			children = (
				7865E853232A369D00111BF3 /* FeedItemService.h */,
				7865E854232A369D00111BF3 /* FeedItemService.m */,
				7865E856232A36B600111BF3 /* FeedResourceService.h */,
				7865E857232A36B600111BF3 /* FeedResourceService.m */,
			);
			path = Services;
			sourceTree = "<group>";
		};
		7865E85A232A36CC00111BF3 /* Models */ = {
			isa = PBXGroup;
			children = (
				7865E84D2328F82900111BF3 /* FeedItem.h */,
				7865E84E2328F82900111BF3 /* FeedItem.m */,
				7865E8502328F83800111BF3 /* FeedResource.h */,
				7865E8512328F83800111BF3 /* FeedResource.m */,
			);
			path = Models;
			sourceTree = "<group>";
		};
		7865E85B232A36DB00111BF3 /* Repositories */ = {
			isa = PBXGroup;
			children = (
				CE4596F12329804E0001DBB3 /* FeedItemRepository.h */,
				CE4596F22329804E0001DBB3 /* FeedItemRepository.m */,
				CE4596F42329806A0001DBB3 /* FeedResourceRepository.h */,
				CE4596F52329806A0001DBB3 /* FeedResourceRepository.m */,
			);
			path = Repositories;
			sourceTree = "<group>";
		};
		7865E85C232A37C500111BF3 /* DBManager */ = {
			isa = PBXGroup;
			children = (
				7865E85D232A3B1900111BF3 /* DBManager.h */,
				7865E85E232A3B1900111BF3 /* DBManager.m */,
				7865E860232A441B00111BF3 /* DBContextCreator.h */,
				7865E861232A441B00111BF3 /* DBContextCreator.m */,
			);
			path = DBManager;
			sourceTree = "<group>";
		};
/* End PBXGroup section */

/* Begin PBXNativeTarget section */
		7865E8232327B3D400111BF3 /* SQLTest */ = {
			isa = PBXNativeTarget;
			buildConfigurationList = 7865E83D2327B3D500111BF3 /* Build configuration list for PBXNativeTarget "SQLTest" */;
			buildPhases = (
				7865E8202327B3D400111BF3 /* Sources */,
				7865E8212327B3D400111BF3 /* Frameworks */,
				7865E8222327B3D400111BF3 /* Resources */,
			);
			buildRules = (
			);
			dependencies = (
			);
			name = SQLTest;
			productName = SQLTest;
			productReference = 7865E8242327B3D400111BF3 /* SQLTest.app */;
			productType = "com.apple.product-type.application";
		};
/* End PBXNativeTarget section */

/* Begin PBXProject section */
		7865E81C2327B3D400111BF3 /* Project object */ = {
			isa = PBXProject;
			attributes = {
				LastUpgradeCheck = 1030;
				ORGANIZATIONNAME = "Dzmitry Noska";
				TargetAttributes = {
					7865E8232327B3D400111BF3 = {
						CreatedOnToolsVersion = 10.3;
					};
				};
			};
			buildConfigurationList = 7865E81F2327B3D400111BF3 /* Build configuration list for PBXProject "SQLTest" */;
			compatibilityVersion = "Xcode 9.3";
			developmentRegion = en;
			hasScannedForEncodings = 0;
			knownRegions = (
				en,
				Base,
			);
			mainGroup = 7865E81B2327B3D400111BF3;
			productRefGroup = 7865E8252327B3D400111BF3 /* Products */;
			projectDirPath = "";
			projectRoot = "";
			targets = (
				7865E8232327B3D400111BF3 /* SQLTest */,
			);
		};
/* End PBXProject section */

/* Begin PBXResourcesBuildPhase section */
		7865E8222327B3D400111BF3 /* Resources */ = {
			isa = PBXResourcesBuildPhase;
			buildActionMask = 2147483647;
			files = (
				7865E8372327B3D500111BF3 /* LaunchScreen.storyboard in Resources */,
				7865E8342327B3D500111BF3 /* Assets.xcassets in Resources */,
				7865E82F2327B3D400111BF3 /* Main.storyboard in Resources */,
			);
			runOnlyForDeploymentPostprocessing = 0;
		};
/* End PBXResourcesBuildPhase section */

/* Begin PBXSourcesBuildPhase section */
		7865E8202327B3D400111BF3 /* Sources */ = {
			isa = PBXSourcesBuildPhase;
			buildActionMask = 2147483647;
			files = (
				7865E82C2327B3D400111BF3 /* ViewController.m in Sources */,
				7865E8292327B3D400111BF3 /* AppDelegate.m in Sources */,
				CE4596F32329804E0001DBB3 /* FeedItemRepository.m in Sources */,
				7865E85F232A3B1900111BF3 /* DBManager.m in Sources */,
				7865E83A2327B3D500111BF3 /* main.m in Sources */,
				7865E862232A441B00111BF3 /* DBContextCreator.m in Sources */,
				7865E858232A36B600111BF3 /* FeedResourceService.m in Sources */,
				7865E84F2328F82900111BF3 /* FeedItem.m in Sources */,
				7865E855232A369D00111BF3 /* FeedItemService.m in Sources */,
				7865E8522328F83800111BF3 /* FeedResource.m in Sources */,
				7865E8322327B3D400111BF3 /* SQLTest.xcdatamodeld in Sources */,
				CE4596F62329806A0001DBB3 /* FeedResourceRepository.m in Sources */,
			);
			runOnlyForDeploymentPostprocessing = 0;
		};
/* End PBXSourcesBuildPhase section */

/* Begin PBXVariantGroup section */
		7865E82D2327B3D400111BF3 /* Main.storyboard */ = {
			isa = PBXVariantGroup;
			children = (
				7865E82E2327B3D400111BF3 /* Base */,
			);
			name = Main.storyboard;
			sourceTree = "<group>";
		};
		7865E8352327B3D500111BF3 /* LaunchScreen.storyboard */ = {
			isa = PBXVariantGroup;
			children = (
				7865E8362327B3D500111BF3 /* Base */,
			);
			name = LaunchScreen.storyboard;
			sourceTree = "<group>";
		};
/* End PBXVariantGroup section */

/* Begin XCBuildConfiguration section */
		7865E83B2327B3D500111BF3 /* Debug */ = {
			isa = XCBuildConfiguration;
			buildSettings = {
				ALWAYS_SEARCH_USER_PATHS = NO;
				CLANG_ANALYZER_NONNULL = YES;
				CLANG_ANALYZER_NUMBER_OBJECT_CONVERSION = YES_AGGRESSIVE;
				CLANG_CXX_LANGUAGE_STANDARD = "gnu++14";
				CLANG_CXX_LIBRARY = "libc++";
				CLANG_ENABLE_MODULES = YES;
				CLANG_ENABLE_OBJC_ARC = YES;
				CLANG_ENABLE_OBJC_WEAK = YES;
				CLANG_WARN_BLOCK_CAPTURE_AUTORELEASING = YES;
				CLANG_WARN_BOOL_CONVERSION = YES;
				CLANG_WARN_COMMA = YES;
				CLANG_WARN_CONSTANT_CONVERSION = YES;
				CLANG_WARN_DEPRECATED_OBJC_IMPLEMENTATIONS = YES;
				CLANG_WARN_DIRECT_OBJC_ISA_USAGE = YES_ERROR;
				CLANG_WARN_DOCUMENTATION_COMMENTS = YES;
				CLANG_WARN_EMPTY_BODY = YES;
				CLANG_WARN_ENUM_CONVERSION = YES;
				CLANG_WARN_INFINITE_RECURSION = YES;
				CLANG_WARN_INT_CONVERSION = YES;
				CLANG_WARN_NON_LITERAL_NULL_CONVERSION = YES;
				CLANG_WARN_OBJC_IMPLICIT_RETAIN_SELF = YES;
				CLANG_WARN_OBJC_LITERAL_CONVERSION = YES;
				CLANG_WARN_OBJC_ROOT_CLASS = YES_ERROR;
				CLANG_WARN_RANGE_LOOP_ANALYSIS = YES;
				CLANG_WARN_STRICT_PROTOTYPES = YES;
				CLANG_WARN_SUSPICIOUS_MOVE = YES;
				CLANG_WARN_UNGUARDED_AVAILABILITY = YES_AGGRESSIVE;
				CLANG_WARN_UNREACHABLE_CODE = YES;
				CLANG_WARN__DUPLICATE_METHOD_MATCH = YES;
				CODE_SIGN_IDENTITY = "iPhone Developer";
				COPY_PHASE_STRIP = NO;
				DEBUG_INFORMATION_FORMAT = dwarf;
				ENABLE_STRICT_OBJC_MSGSEND = YES;
				ENABLE_TESTABILITY = YES;
				GCC_C_LANGUAGE_STANDARD = gnu11;
				GCC_DYNAMIC_NO_PIC = NO;
				GCC_NO_COMMON_BLOCKS = YES;
				GCC_OPTIMIZATION_LEVEL = 0;
				GCC_PREPROCESSOR_DEFINITIONS = (
					"DEBUG=1",
					"$(inherited)",
				);
				GCC_WARN_64_TO_32_BIT_CONVERSION = YES;
				GCC_WARN_ABOUT_RETURN_TYPE = YES_ERROR;
				GCC_WARN_UNDECLARED_SELECTOR = YES;
				GCC_WARN_UNINITIALIZED_AUTOS = YES_AGGRESSIVE;
				GCC_WARN_UNUSED_FUNCTION = YES;
				GCC_WARN_UNUSED_VARIABLE = YES;
				IPHONEOS_DEPLOYMENT_TARGET = 12.4;
				MTL_ENABLE_DEBUG_INFO = INCLUDE_SOURCE;
				MTL_FAST_MATH = YES;
				ONLY_ACTIVE_ARCH = YES;
				SDKROOT = iphoneos;
			};
			name = Debug;
		};
		7865E83C2327B3D500111BF3 /* Release */ = {
			isa = XCBuildConfiguration;
			buildSettings = {
				ALWAYS_SEARCH_USER_PATHS = NO;
				CLANG_ANALYZER_NONNULL = YES;
				CLANG_ANALYZER_NUMBER_OBJECT_CONVERSION = YES_AGGRESSIVE;
				CLANG_CXX_LANGUAGE_STANDARD = "gnu++14";
				CLANG_CXX_LIBRARY = "libc++";
				CLANG_ENABLE_MODULES = YES;
				CLANG_ENABLE_OBJC_ARC = YES;
				CLANG_ENABLE_OBJC_WEAK = YES;
				CLANG_WARN_BLOCK_CAPTURE_AUTORELEASING = YES;
				CLANG_WARN_BOOL_CONVERSION = YES;
				CLANG_WARN_COMMA = YES;
				CLANG_WARN_CONSTANT_CONVERSION = YES;
				CLANG_WARN_DEPRECATED_OBJC_IMPLEMENTATIONS = YES;
				CLANG_WARN_DIRECT_OBJC_ISA_USAGE = YES_ERROR;
				CLANG_WARN_DOCUMENTATION_COMMENTS = YES;
				CLANG_WARN_EMPTY_BODY = YES;
				CLANG_WARN_ENUM_CONVERSION = YES;
				CLANG_WARN_INFINITE_RECURSION = YES;
				CLANG_WARN_INT_CONVERSION = YES;
				CLANG_WARN_NON_LITERAL_NULL_CONVERSION = YES;
				CLANG_WARN_OBJC_IMPLICIT_RETAIN_SELF = YES;
				CLANG_WARN_OBJC_LITERAL_CONVERSION = YES;
				CLANG_WARN_OBJC_ROOT_CLASS = YES_ERROR;
				CLANG_WARN_RANGE_LOOP_ANALYSIS = YES;
				CLANG_WARN_STRICT_PROTOTYPES = YES;
				CLANG_WARN_SUSPICIOUS_MOVE = YES;
				CLANG_WARN_UNGUARDED_AVAILABILITY = YES_AGGRESSIVE;
				CLANG_WARN_UNREACHABLE_CODE = YES;
				CLANG_WARN__DUPLICATE_METHOD_MATCH = YES;
				CODE_SIGN_IDENTITY = "iPhone Developer";
				COPY_PHASE_STRIP = NO;
				DEBUG_INFORMATION_FORMAT = "dwarf-with-dsym";
				ENABLE_NS_ASSERTIONS = NO;
				ENABLE_STRICT_OBJC_MSGSEND = YES;
				GCC_C_LANGUAGE_STANDARD = gnu11;
				GCC_NO_COMMON_BLOCKS = YES;
				GCC_WARN_64_TO_32_BIT_CONVERSION = YES;
				GCC_WARN_ABOUT_RETURN_TYPE = YES_ERROR;
				GCC_WARN_UNDECLARED_SELECTOR = YES;
				GCC_WARN_UNINITIALIZED_AUTOS = YES_AGGRESSIVE;
				GCC_WARN_UNUSED_FUNCTION = YES;
				GCC_WARN_UNUSED_VARIABLE = YES;
				IPHONEOS_DEPLOYMENT_TARGET = 12.4;
				MTL_ENABLE_DEBUG_INFO = NO;
				MTL_FAST_MATH = YES;
				SDKROOT = iphoneos;
				VALIDATE_PRODUCT = YES;
			};
			name = Release;
		};
		7865E83E2327B3D500111BF3 /* Debug */ = {
			isa = XCBuildConfiguration;
			buildSettings = {
				ASSETCATALOG_COMPILER_APPICON_NAME = AppIcon;
				CODE_SIGN_STYLE = Automatic;
				INFOPLIST_FILE = SQLTest/Info.plist;
				IPHONEOS_DEPLOYMENT_TARGET = 11.4;
				LD_RUNPATH_SEARCH_PATHS = (
					"$(inherited)",
					"@executable_path/Frameworks",
				);
				PRODUCT_BUNDLE_IDENTIFIER = DN.SQLTest;
				PRODUCT_NAME = "$(TARGET_NAME)";
				TARGETED_DEVICE_FAMILY = 1;
			};
			name = Debug;
		};
		7865E83F2327B3D500111BF3 /* Release */ = {
			isa = XCBuildConfiguration;
			buildSettings = {
				ASSETCATALOG_COMPILER_APPICON_NAME = AppIcon;
				CODE_SIGN_STYLE = Automatic;
				INFOPLIST_FILE = SQLTest/Info.plist;
				IPHONEOS_DEPLOYMENT_TARGET = 11.4;
				LD_RUNPATH_SEARCH_PATHS = (
					"$(inherited)",
					"@executable_path/Frameworks",
				);
				PRODUCT_BUNDLE_IDENTIFIER = DN.SQLTest;
				PRODUCT_NAME = "$(TARGET_NAME)";
				TARGETED_DEVICE_FAMILY = 1;
			};
			name = Release;
		};
/* End XCBuildConfiguration section */

/* Begin XCConfigurationList section */
		7865E81F2327B3D400111BF3 /* Build configuration list for PBXProject "SQLTest" */ = {
			isa = XCConfigurationList;
			buildConfigurations = (
				7865E83B2327B3D500111BF3 /* Debug */,
				7865E83C2327B3D500111BF3 /* Release */,
			);
			defaultConfigurationIsVisible = 0;
			defaultConfigurationName = Release;
		};
		7865E83D2327B3D500111BF3 /* Build configuration list for PBXNativeTarget "SQLTest" */ = {
			isa = XCConfigurationList;
			buildConfigurations = (
				7865E83E2327B3D500111BF3 /* Debug */,
				7865E83F2327B3D500111BF3 /* Release */,
			);
			defaultConfigurationIsVisible = 0;
			defaultConfigurationName = Release;
		};
/* End XCConfigurationList section */

/* Begin XCVersionGroup section */
		7865E8302327B3D400111BF3 /* SQLTest.xcdatamodeld */ = {
			isa = XCVersionGroup;
			children = (
				7865E8312327B3D400111BF3 /* SQLTest.xcdatamodel */,
			);
			currentVersion = 7865E8312327B3D400111BF3 /* SQLTest.xcdatamodel */;
			path = SQLTest.xcdatamodeld;
			sourceTree = "<group>";
			versionGroupType = wrapper.xcdatamodel;
		};
/* End XCVersionGroup section */
	};
	rootObject = 7865E81C2327B3D400111BF3 /* Project object */;
}
